
Microsoft Visual Studio Solution File, Format Version 12.00
# Visual Studio Version 16
VisualStudioVersion = 16.0.29728.190
MinimumVisualStudioVersion = 10.0.40219.1
Project("{FAE04EC0-301F-11D3-BF4B-00C04F79EFBC}") = "Minimax", "Minimax\Minimax.csproj", "{E03520F4-97F1-4686-9C77-06E9F71A734C}"
EndProject
Global
	GlobalSection(SolutionConfigurationPlatforms) = preSolution
		Debug|Any CPU = Debug|Any CPU
		Release|Any CPU = Release|Any CPU
	EndGlobalSection
	GlobalSection(ProjectConfigurationPlatforms) = postSolution
		{E03520F4-97F1-4686-9C77-06E9F71A734C}.Debug|Any CPU.ActiveCfg = Debug|Any CPU
		{E03520F4-97F1-4686-9C77-06E9F71A734C}.Debug|Any CPU.Build.0 = Debug|Any CPU
		{E03520F4-97F1-4686-9C77-06E9F71A734C}.Release|Any CPU.ActiveCfg = Release|Any CPU
		{E03520F4-97F1-4686-9C77-06E9F71A734C}.Release|Any CPU.Build.0 = Release|Any CPU
	EndGlobalSection
	GlobalSection(SolutionProperties) = preSolution
		HideSolutionNode = FALSE
	EndGlobalSection
	GlobalSection(ExtensibilityGlobals) = postSolution
		SolutionGuid = {5E23CA17-04BD-429A-A3A3-38EC12715E7C}
	EndGlobalSection
EndGlobal
